
Microsoft Visual Studio Solution File, Format Version 12.00
# Visual Studio 15
VisualStudioVersion = 15.0.27703.2000
MinimumVisualStudioVersion = 10.0.40219.1
Project("{FAE04EC0-301F-11D3-BF4B-00C04F79EFBC}") = "Consumidor", "src\Consumidor.csproj", "{A0A8B04D-807C-4A99-91CD-D8B135416DAC}"
EndProject
Project("{FAE04EC0-301F-11D3-BF4B-00C04F79EFBC}") = "Consumidor.Sample", "src\Sample\Consumidor.Sample.csproj", "{8A940B2E-1E02-488A-94B5-E59B73E8C20B}"
EndProject
Project("{2150E333-8FDC-42A3-9474-1A3956D46DE8}") = "Solution Items", "Solution Items", "{BE7C8FC8-46CE-4EE9-A52B-667478502FB4}"
	ProjectSection(SolutionItems) = preProject
		Consumidor.nuspec = Consumidor.nuspec
	EndProjectSection
EndProject
Global
	GlobalSection(SolutionConfigurationPlatforms) = preSolution
		Debug|Any CPU = Debug|Any CPU
		Release|Any CPU = Release|Any CPU
	EndGlobalSection
	GlobalSection(ProjectConfigurationPlatforms) = postSolution
		{A0A8B04D-807C-4A99-91CD-D8B135416DAC}.Debug|Any CPU.ActiveCfg = Debug|Any CPU
		{A0A8B04D-807C-4A99-91CD-D8B135416DAC}.Debug|Any CPU.Build.0 = Debug|Any CPU
		{A0A8B04D-807C-4A99-91CD-D8B135416DAC}.Release|Any CPU.ActiveCfg = Release|Any CPU
		{A0A8B04D-807C-4A99-91CD-D8B135416DAC}.Release|Any CPU.Build.0 = Release|Any CPU
		{8A940B2E-1E02-488A-94B5-E59B73E8C20B}.Debug|Any CPU.ActiveCfg = Debug|Any CPU
		{8A940B2E-1E02-488A-94B5-E59B73E8C20B}.Debug|Any CPU.Build.0 = Debug|Any CPU
		{8A940B2E-1E02-488A-94B5-E59B73E8C20B}.Release|Any CPU.ActiveCfg = Release|Any CPU
		{8A940B2E-1E02-488A-94B5-E59B73E8C20B}.Release|Any CPU.Build.0 = Release|Any CPU
	EndGlobalSection
	GlobalSection(SolutionProperties) = preSolution
		HideSolutionNode = FALSE
	EndGlobalSection
	GlobalSection(ExtensibilityGlobals) = postSolution
		SolutionGuid = {028778C6-B5D8-42EB-8C7F-D345C3740876}
	EndGlobalSection
EndGlobal
